
Microsoft Visual Studio Solution File, Format Version 12.00
# Visual Studio Version 17
VisualStudioVersion = 17.5.002.0
MinimumVisualStudioVersion = 10.0.40219.1
Project("{2150E333-8FDC-42A3-9474-1A3956D46DE8}") = "ASN1", "ASN1", "{49DE9F45-74C6-473C-85C3-F190A3CCB95F}"
EndProject
Project("{9A19103F-16F7-4668-BE54-9A1E7A4F7556}") = "CoffeeOrder", "CoffeeOrder\CoffeeOrder.csproj", "{F47EE168-8124-4F29-9924-0C5C4BC82CA9}"
EndProject
Project("{9A19103F-16F7-4668-BE54-9A1E7A4F7556}") = "CoffeeOrder.Tests", "CoffeeOrder.Tests\CoffeeOrder.Tests.csproj", "{BCD9C3FA-C030-428A-8A91-FB491DD46E7F}"
EndProject
Global
	GlobalSection(SolutionConfigurationPlatforms) = preSolution
		Debug|Any CPU = Debug|Any CPU
		Release|Any CPU = Release|Any CPU
	EndGlobalSection
	GlobalSection(ProjectConfigurationPlatforms) = postSolution
		{F47EE168-8124-4F29-9924-0C5C4BC82CA9}.Debug|Any CPU.ActiveCfg = Debug|Any CPU
		{F47EE168-8124-4F29-9924-0C5C4BC82CA9}.Debug|Any CPU.Build.0 = Debug|Any CPU
		{F47EE168-8124-4F29-9924-0C5C4BC82CA9}.Release|Any CPU.ActiveCfg = Release|Any CPU
		{F47EE168-8124-4F29-9924-0C5C4BC82CA9}.Release|Any CPU.Build.0 = Release|Any CPU
		{BCD9C3FA-C030-428A-8A91-FB491DD46E7F}.Debug|Any CPU.ActiveCfg = Debug|Any CPU
		{BCD9C3FA-C030-428A-8A91-FB491DD46E7F}.Debug|Any CPU.Build.0 = Debug|Any CPU
		{BCD9C3FA-C030-428A-8A91-FB491DD46E7F}.Release|Any CPU.ActiveCfg = Release|Any CPU
		{BCD9C3FA-C030-428A-8A91-FB491DD46E7F}.Release|Any CPU.Build.0 = Release|Any CPU
	EndGlobalSection
	GlobalSection(SolutionProperties) = preSolution
		HideSolutionNode = FALSE
	EndGlobalSection
	GlobalSection(NestedProjects) = preSolution
		{F47EE168-8124-4F29-9924-0C5C4BC82CA9} = {49DE9F45-74C6-473C-85C3-F190A3CCB95F}
		{BCD9C3FA-C030-428A-8A91-FB491DD46E7F} = {49DE9F45-74C6-473C-85C3-F190A3CCB95F}
	EndGlobalSection
	GlobalSection(ExtensibilityGlobals) = postSolution
		SolutionGuid = {39CD4184-D788-4607-B01E-62811B3D86FF}
	EndGlobalSection
EndGlobal
